
Microsoft Visual Studio Solution File, Format Version 12.00
# Visual Studio Version 17
VisualStudioVersion = 17.5.33516.290
MinimumVisualStudioVersion = 10.0.40219.1
Project("{FAE04EC0-301F-11D3-BF4B-00C04F79EFBC}") = "inicio_23", "inicio_23\inicio_23.csproj", "{7D1E8193-492F-40AB-B838-C5FBA2D7EA0C}"
EndProject
Global
	GlobalSection(SolutionConfigurationPlatforms) = preSolution
		Debug|Any CPU = Debug|Any CPU
		Release|Any CPU = Release|Any CPU
	EndGlobalSection
	GlobalSection(ProjectConfigurationPlatforms) = postSolution
		{7D1E8193-492F-40AB-B838-C5FBA2D7EA0C}.Debug|Any CPU.ActiveCfg = Debug|Any CPU
		{7D1E8193-492F-40AB-B838-C5FBA2D7EA0C}.Debug|Any CPU.Build.0 = Debug|Any CPU
		{7D1E8193-492F-40AB-B838-C5FBA2D7EA0C}.Release|Any CPU.ActiveCfg = Release|Any CPU
		{7D1E8193-492F-40AB-B838-C5FBA2D7EA0C}.Release|Any CPU.Build.0 = Release|Any CPU
	EndGlobalSection
	GlobalSection(SolutionProperties) = preSolution
		HideSolutionNode = FALSE
	EndGlobalSection
	GlobalSection(ExtensibilityGlobals) = postSolution
		SolutionGuid = {4BD2ED44-0857-4F82-A809-FC14917361A2}
	EndGlobalSection
EndGlobal
